{
  "nodes": {
    "brew-src": {
      "flake": false,
      "locked": {
        "lastModified": 1774235677,
        "narHash": "sha256-0ryNYmzDAeRlrzPTAgmzGH/Cgc8iv/LBN6jWGUANvIk=",
        "owner": "Homebrew",
        "repo": "brew",
        "rev": "894a3d23ac0c8aaf561b9874b528b9cb2e839201",
        "type": "github"
      },
      "original": {
        "owner": "Homebrew",
        "ref": "5.1.1",
        "repo": "brew",
        "type": "github"
      }
    },
    "cuda-legacy": {
      "inputs": {
        "flake-parts": [
          "jetpack",
          "cuda-legacy"
        ],
        "nixpkgs": [
          "jetpack",
          "nixpkgs"
        ]
      },
      "locked": {
        "lastModified": 1768505959,
        "narHash": "sha256-oFCx/ApQ+S1/apUKWsvT9vq+Eo1m2vINWEDkW7/nckA=",
        "owner": "nixos-cuda",
        "repo": "cuda-legacy",
        "rev": "86ad7e2c2e314f0234539cbbc66b5cd7746bcd32",
        "type": "github"
      },
      "original": {
        "owner": "nixos-cuda",
        "repo": "cuda-legacy",
        "type": "github"
      }
    },
    "cursor-arm": {
      "inputs": {
        "nixpkgs": [
          "nixpkgs"
        ]
      },
      "locked": {
        "lastModified": 1735561606,
        "narHash": "sha256-aYCw0i7ravhhFcwKBglqI6XDc7z8CNjP2Q+TaYgdQN0=",
        "owner": "coder",
        "repo": "cursor-arm",
        "rev": "b0b63f46d252a6cb5e6e3b0b1c73e777e26f58ee",
        "type": "github"
      },
      "original": {
        "owner": "coder",
        "repo": "cursor-arm",
        "type": "github"
      }
    },
    "doomemacs": {
      "flake": false,
      "locked": {
        "lastModified": 1774080407,
        "narHash": "sha256-FYbalilgDFjIVwK+D6DjDos1IMmMGA20lRf8k6Ykm1Y=",
        "owner": "doomemacs",
        "repo": "doomemacs",
        "rev": "d8d75443d39d95f3c5256504eb838e0acc62ef44",
        "type": "github"
      },
      "original": {
        "owner": "doomemacs",
        "repo": "doomemacs",
        "type": "github"
      }
    },
    "emacs-overlay": {
      "inputs": {
        "nixpkgs": [
          "nix-doom-emacs-unstraightened"
        ],
        "nixpkgs-stable": [
          "nix-doom-emacs-unstraightened"
        ]
      },
      "locked": {
        "lastModified": 1774256052,
        "narHash": "sha256-7OLaUBQCOCt4XXbjHq9xqBopOJJpbV6Cl8mWdMLzazc=",
        "owner": "nix-community",
        "repo": "emacs-overlay",
        "rev": "c4b7915a9467aa611c7346d2322514cdf8c1ba45",
        "type": "github"
      },
      "original": {
        "owner": "nix-community",
        "repo": "emacs-overlay",
        "type": "github"
      }
    },
    "everything-claude-code": {
      "flake": false,
      "locked": {
        "lastModified": 1774861128,
        "narHash": "sha256-LpneO0tfPHvJHC/zt3EQxXsoZpYGzR8klV7YgAdEDZo=",
        "owner": "affaan-m",
        "repo": "everything-claude-code",
        "rev": "656cf4c94a3f2a0f6c7ca597e87d35e520b0ca56",
        "type": "github"
      },
      "original": {
        "owner": "affaan-m",
        "repo": "everything-claude-code",
        "type": "github"
      }
    },
    "flake-utils": {
      "inputs": {
        "systems": "systems"
      },
      "locked": {
        "lastModified": 1731533236,
        "narHash": "sha256-l0KFg5HjrsfsO/JpG+r7fRrqm12kzFHyUHqHCVpMMbI=",
        "owner": "numtide",
        "repo": "flake-utils",
        "rev": "11707dc2f618dd54ca8739b309ec4fc024de578b",
        "type": "github"
      },
      "original": {
        "owner": "numtide",
        "repo": "flake-utils",
        "type": "github"
      }
    },
    "home-manager": {
      "inputs": {
        "nixpkgs": [
          "nixpkgs"
        ]
      },
      "locked": {
        "lastModified": 1774875815,
        "narHash": "sha256-PzqwM4njoB3aznqwPZUawD4uOcJeu7N6GBTJKg81EQ4=",
        "owner": "nix-community",
        "repo": "home-manager",
        "rev": "9340f51314713c83360bf72d75c8b404778ab5b1",
        "type": "github"
      },
      "original": {
        "owner": "nix-community",
        "repo": "home-manager",
        "type": "github"
      }
    },
    "jetpack": {
      "inputs": {
        "cuda-legacy": "cuda-legacy",
        "nixpkgs": [
          "nixpkgs"
        ]
      },
      "locked": {
        "lastModified": 1774641174,
        "narHash": "sha256-JyTg2DJ49mLDoaLYQdmuiXfHkp/IMXjs+MZ/09uh8gg=",
        "owner": "anduril",
        "repo": "jetpack-nixos",
        "rev": "db526542891c9d4e49a5a7ccb7e4e59dfc8d5162",
        "type": "github"
      },
      "original": {
        "owner": "anduril",
        "repo": "jetpack-nixos",
        "type": "github"
      }
    },
    "nix-darwin": {
      "inputs": {
        "nixpkgs": [
          "nixpkgs"
        ]
      },
      "locked": {
        "lastModified": 1773000227,
        "narHash": "sha256-zm3ftUQw0MPumYi91HovoGhgyZBlM4o3Zy0LhPNwzXE=",
        "owner": "LnL7",
        "repo": "nix-darwin",
        "rev": "da529ac9e46f25ed5616fd634079a5f3c579135f",
        "type": "github"
      },
      "original": {
        "owner": "LnL7",
        "repo": "nix-darwin",
        "type": "github"
      }
    },
    "nix-doom-emacs-unstraightened": {
      "inputs": {
        "doomemacs": "doomemacs",
        "emacs-overlay": "emacs-overlay",
        "nixpkgs": [
          "nixpkgs"
        ],
        "systems": "systems_2"
      },
      "locked": {
        "lastModified": 1774265710,
        "narHash": "sha256-ar8pFUSAxXhV7DpVRjNvgviWuqOqWPAImb4MM7lSh5Y=",
        "owner": "marienz",
        "repo": "nix-doom-emacs-unstraightened",
        "rev": "f6022b9192e034a817373692ede18a9319cf9730",
        "type": "github"
      },
      "original": {
        "owner": "marienz",
        "repo": "nix-doom-emacs-unstraightened",
        "type": "github"
      }
    },
    "nix-homebrew": {
      "inputs": {
        "brew-src": "brew-src"
      },
      "locked": {
        "lastModified": 1774720267,
        "narHash": "sha256-YYftFe8jyfpQI649yfr0E+dqEXE2jznZNcYvy/lKV1U=",
        "owner": "zhaofengli-wip",
        "repo": "nix-homebrew",
        "rev": "a7760a3a83f7609f742861afb5732210fdc437ed",
        "type": "github"
      },
      "original": {
        "owner": "zhaofengli-wip",
        "repo": "nix-homebrew",
        "type": "github"
      }
    },
    "nixpkgs": {
      "locked": {
        "lastModified": 1774709303,
        "narHash": "sha256-D3Q07BbIA2KnTcSXIqqu9P586uWxN74zNoCH3h2ESHg=",
        "owner": "NixOS",
        "repo": "nixpkgs",
        "rev": "8110df5ad7abf5d4c0f6fb0f8f978390e77f9685",
        "type": "github"
      },
      "original": {
        "owner": "NixOS",
        "ref": "nixos-unstable",
        "repo": "nixpkgs",
        "type": "github"
      }
    },
    "root": {
      "inputs": {
        "cursor-arm": "cursor-arm",
        "everything-claude-code": "everything-claude-code",
        "flake-utils": "flake-utils",
        "home-manager": "home-manager",
        "jetpack": "jetpack",
        "nix-darwin": "nix-darwin",
        "nix-doom-emacs-unstraightened": "nix-doom-emacs-unstraightened",
        "nix-homebrew": "nix-homebrew",
        "nixpkgs": "nixpkgs",
        "rust-overlay": "rust-overlay"
      }
    },
    "rust-overlay": {
      "inputs": {
        "nixpkgs": [
          "nixpkgs"
        ]
      },
      "locked": {
        "lastModified": 1774840424,
        "narHash": "sha256-3Oi4mBKzOCFQYLUyEjyc0s5cnlNj1MzmhpVKoLptpe8=",
        "owner": "oxalica",
        "repo": "rust-overlay",
        "rev": "d9f52b51548e76ab8b6e7d647763047ebdec835c",
        "type": "github"
      },
      "original": {
        "owner": "oxalica",
        "repo": "rust-overlay",
        "type": "github"
      }
    },
    "systems": {
      "locked": {
        "lastModified": 1681028828,
        "narHash": "sha256-Vy1rq5AaRuLzOxct8nz4T6wlgyUR7zLU309k9mBC768=",
        "owner": "nix-systems",
        "repo": "default",
        "rev": "da67096a3b9bf56a91d16901293e51ba5b49a27e",
        "type": "github"
      },
      "original": {
        "owner": "nix-systems",
        "repo": "default",
        "type": "github"
      }
    },
    "systems_2": {
      "locked": {
        "lastModified": 1681028828,
        "narHash": "sha256-Vy1rq5AaRuLzOxct8nz4T6wlgyUR7zLU309k9mBC768=",
        "owner": "nix-systems",
        "repo": "default",
        "rev": "da67096a3b9bf56a91d16901293e51ba5b49a27e",
        "type": "github"
      },
      "original": {
        "owner": "nix-systems",
        "repo": "default",
        "type": "github"
      }
    }
  },
  "root": "root",
  "version": 7
}
